
Microsoft Visual Studio Solution File, Format Version 12.00
# Visual Studio Version 16
VisualStudioVersion = 16.0.28803.352
MinimumVisualStudioVersion = 10.0.40219.1
Project("{2150E333-8FDC-42A3-9474-1A3956D46DE8}") = "Presentation", "Presentation", "{4583DBD1-40A5-4ADF-8D8E-A6A0100F37AA}"
EndProject
Project("{FAE04EC0-301F-11D3-BF4B-00C04F79EFBC}") = "FuncaoInformaticaPresentation", "FuncaoInformaticaPresentation\FuncaoInformaticaPresentation.csproj", "{70B7B768-8EBB-491A-A1C1-2FA272D5A4B4}"
EndProject
Global
	GlobalSection(SolutionConfigurationPlatforms) = preSolution
		Debug|Any CPU = Debug|Any CPU
		Release|Any CPU = Release|Any CPU
	EndGlobalSection
	GlobalSection(ProjectConfigurationPlatforms) = postSolution
		{70B7B768-8EBB-491A-A1C1-2FA272D5A4B4}.Debug|Any CPU.ActiveCfg = Debug|Any CPU
		{70B7B768-8EBB-491A-A1C1-2FA272D5A4B4}.Debug|Any CPU.Build.0 = Debug|Any CPU
		{70B7B768-8EBB-491A-A1C1-2FA272D5A4B4}.Release|Any CPU.ActiveCfg = Release|Any CPU
		{70B7B768-8EBB-491A-A1C1-2FA272D5A4B4}.Release|Any CPU.Build.0 = Release|Any CPU
	EndGlobalSection
	GlobalSection(SolutionProperties) = preSolution
		HideSolutionNode = FALSE
	EndGlobalSection
	GlobalSection(NestedProjects) = preSolution
		{70B7B768-8EBB-491A-A1C1-2FA272D5A4B4} = {4583DBD1-40A5-4ADF-8D8E-A6A0100F37AA}
	EndGlobalSection
	GlobalSection(ExtensibilityGlobals) = postSolution
		SolutionGuid = {184AAB26-F769-4D44-9895-52B76EA2B7D8}
	EndGlobalSection
EndGlobal
